
Microsoft Visual Studio Solution File, Format Version 12.00
# Visual Studio 15
VisualStudioVersion = 15.0.27703.2000
MinimumVisualStudioVersion = 10.0.40219.1
Project("{FAE04EC0-301F-11D3-BF4B-00C04F79EFBC}") = "Mouse_EyeTracker_ControlDemo", "Mouse_EyeTracker_ControlDemo\Mouse_EyeTracker_ControlDemo.csproj", "{35685570-211E-4F35-AA95-EF1B981A409C}"
EndProject
Global
	GlobalSection(SolutionConfigurationPlatforms) = preSolution
		Debug|Any CPU = Debug|Any CPU
		Debug|x64 = Debug|x64
		Release|Any CPU = Release|Any CPU
		Release|x64 = Release|x64
	EndGlobalSection
	GlobalSection(ProjectConfigurationPlatforms) = postSolution
		{35685570-211E-4F35-AA95-EF1B981A409C}.Debug|Any CPU.ActiveCfg = Debug|Any CPU
		{35685570-211E-4F35-AA95-EF1B981A409C}.Debug|Any CPU.Build.0 = Debug|Any CPU
		{35685570-211E-4F35-AA95-EF1B981A409C}.Debug|x64.ActiveCfg = Debug|x64
		{35685570-211E-4F35-AA95-EF1B981A409C}.Debug|x64.Build.0 = Debug|x64
		{35685570-211E-4F35-AA95-EF1B981A409C}.Release|Any CPU.ActiveCfg = Release|Any CPU
		{35685570-211E-4F35-AA95-EF1B981A409C}.Release|Any CPU.Build.0 = Release|Any CPU
		{35685570-211E-4F35-AA95-EF1B981A409C}.Release|x64.ActiveCfg = Release|x64
		{35685570-211E-4F35-AA95-EF1B981A409C}.Release|x64.Build.0 = Release|x64
	EndGlobalSection
	GlobalSection(SolutionProperties) = preSolution
		HideSolutionNode = FALSE
	EndGlobalSection
	GlobalSection(ExtensibilityGlobals) = postSolution
		SolutionGuid = {1B7F433A-BD1A-4536-BFC7-DC3B5F35D7F7}
	EndGlobalSection
EndGlobal
